
Microsoft Visual Studio Solution File, Format Version 12.00
# Visual Studio 15
VisualStudioVersion = 15.0.28307.271
MinimumVisualStudioVersion = 10.0.40219.1
Project("{FAE04EC0-301F-11D3-BF4B-00C04F79EFBC}") = "FinalCustomerDLL", "FinalCustomerDLL\FinalCustomerDLL.csproj", "{87E6E4D8-9EBA-4EF5-9F70-81C4ED60D70D}"
EndProject
Global
	GlobalSection(SolutionConfigurationPlatforms) = preSolution
		Debug|Any CPU = Debug|Any CPU
		Release|Any CPU = Release|Any CPU
	EndGlobalSection
	GlobalSection(ProjectConfigurationPlatforms) = postSolution
		{87E6E4D8-9EBA-4EF5-9F70-81C4ED60D70D}.Debug|Any CPU.ActiveCfg = Debug|Any CPU
		{87E6E4D8-9EBA-4EF5-9F70-81C4ED60D70D}.Debug|Any CPU.Build.0 = Debug|Any CPU
		{87E6E4D8-9EBA-4EF5-9F70-81C4ED60D70D}.Release|Any CPU.ActiveCfg = Release|Any CPU
		{87E6E4D8-9EBA-4EF5-9F70-81C4ED60D70D}.Release|Any CPU.Build.0 = Release|Any CPU
	EndGlobalSection
	GlobalSection(SolutionProperties) = preSolution
		HideSolutionNode = FALSE
	EndGlobalSection
	GlobalSection(ExtensibilityGlobals) = postSolution
		SolutionGuid = {5269D27A-E703-4E54-ADB9-84659D8885D1}
	EndGlobalSection
EndGlobal
