
Microsoft Visual Studio Solution File, Format Version 12.00
# Visual Studio 15
VisualStudioVersion = 15.0.28307.271
MinimumVisualStudioVersion = 10.0.40219.1
Project("{FAE04EC0-301F-11D3-BF4B-00C04F79EFBC}") = "FinalEmployees", "FinalEmployees\FinalEmployees.csproj", "{73BEC04F-690F-4E0B-A801-139BAA5634BC}"
EndProject
Global
	GlobalSection(SolutionConfigurationPlatforms) = preSolution
		Debug|Any CPU = Debug|Any CPU
		Release|Any CPU = Release|Any CPU
	EndGlobalSection
	GlobalSection(ProjectConfigurationPlatforms) = postSolution
		{73BEC04F-690F-4E0B-A801-139BAA5634BC}.Debug|Any CPU.ActiveCfg = Debug|Any CPU
		{73BEC04F-690F-4E0B-A801-139BAA5634BC}.Debug|Any CPU.Build.0 = Debug|Any CPU
		{73BEC04F-690F-4E0B-A801-139BAA5634BC}.Release|Any CPU.ActiveCfg = Release|Any CPU
		{73BEC04F-690F-4E0B-A801-139BAA5634BC}.Release|Any CPU.Build.0 = Release|Any CPU
	EndGlobalSection
	GlobalSection(SolutionProperties) = preSolution
		HideSolutionNode = FALSE
	EndGlobalSection
	GlobalSection(ExtensibilityGlobals) = postSolution
		SolutionGuid = {FE56B77C-5803-45C2-8E9F-5C110A07FF4A}
	EndGlobalSection
EndGlobal
